
Microsoft Visual Studio Solution File, Format Version 11.00
# Visual Studio 2010
Project("{FAE04EC0-301F-11D3-BF4B-00C04F79EFBC}") = "PagosServices", "PagosServices\PagosServices.csproj", "{73B11B6C-D18A-4C92-999C-922BB671214B}"
EndProject
Global
	GlobalSection(SolutionConfigurationPlatforms) = preSolution
		Debug|Any CPU = Debug|Any CPU
		Release|Any CPU = Release|Any CPU
	EndGlobalSection
	GlobalSection(ProjectConfigurationPlatforms) = postSolution
		{73B11B6C-D18A-4C92-999C-922BB671214B}.Debug|Any CPU.ActiveCfg = Debug|Any CPU
		{73B11B6C-D18A-4C92-999C-922BB671214B}.Debug|Any CPU.Build.0 = Debug|Any CPU
		{73B11B6C-D18A-4C92-999C-922BB671214B}.Release|Any CPU.ActiveCfg = Release|Any CPU
		{73B11B6C-D18A-4C92-999C-922BB671214B}.Release|Any CPU.Build.0 = Release|Any CPU
	EndGlobalSection
	GlobalSection(SolutionProperties) = preSolution
		HideSolutionNode = FALSE
	EndGlobalSection
EndGlobal
